
Microsoft Visual Studio Solution File, Format Version 12.00
# Visual Studio 15
VisualStudioVersion = 15.0.27130.2026
MinimumVisualStudioVersion = 10.0.40219.1
Project("{9A19103F-16F7-4668-BE54-9A1E7A4F7556}") = "BankAccount", "BankAccount\BankAccount.csproj", "{70E66EDB-7AEB-4238-A428-290F878D9113}"
EndProject
Project("{9A19103F-16F7-4668-BE54-9A1E7A4F7556}") = "BankAccountMethods", "BankAccountMethods\BankAccountMethods.csproj", "{27F238F2-79D5-4BF9-99EF-7A0D332B2CD9}"
EndProject
Project("{9A19103F-16F7-4668-BE54-9A1E7A4F7556}") = "PersonClass", "PersonClass\PersonClass.csproj", "{00B9F48E-A5F2-45D0-BD18-23E04F4C64E7}"
EndProject
Project("{9A19103F-16F7-4668-BE54-9A1E7A4F7556}") = "TestClient", "TestClient\TestClient.csproj", "{88F3F9C7-6E1C-42C1-8733-D5AE1DD890E2}"
EndProject
Global
	GlobalSection(SolutionConfigurationPlatforms) = preSolution
		Debug|Any CPU = Debug|Any CPU
		Release|Any CPU = Release|Any CPU
	EndGlobalSection
	GlobalSection(ProjectConfigurationPlatforms) = postSolution
		{70E66EDB-7AEB-4238-A428-290F878D9113}.Debug|Any CPU.ActiveCfg = Debug|Any CPU
		{70E66EDB-7AEB-4238-A428-290F878D9113}.Debug|Any CPU.Build.0 = Debug|Any CPU
		{70E66EDB-7AEB-4238-A428-290F878D9113}.Release|Any CPU.ActiveCfg = Release|Any CPU
		{70E66EDB-7AEB-4238-A428-290F878D9113}.Release|Any CPU.Build.0 = Release|Any CPU
		{27F238F2-79D5-4BF9-99EF-7A0D332B2CD9}.Debug|Any CPU.ActiveCfg = Debug|Any CPU
		{27F238F2-79D5-4BF9-99EF-7A0D332B2CD9}.Debug|Any CPU.Build.0 = Debug|Any CPU
		{27F238F2-79D5-4BF9-99EF-7A0D332B2CD9}.Release|Any CPU.ActiveCfg = Release|Any CPU
		{27F238F2-79D5-4BF9-99EF-7A0D332B2CD9}.Release|Any CPU.Build.0 = Release|Any CPU
		{00B9F48E-A5F2-45D0-BD18-23E04F4C64E7}.Debug|Any CPU.ActiveCfg = Debug|Any CPU
		{00B9F48E-A5F2-45D0-BD18-23E04F4C64E7}.Debug|Any CPU.Build.0 = Debug|Any CPU
		{00B9F48E-A5F2-45D0-BD18-23E04F4C64E7}.Release|Any CPU.ActiveCfg = Release|Any CPU
		{00B9F48E-A5F2-45D0-BD18-23E04F4C64E7}.Release|Any CPU.Build.0 = Release|Any CPU
		{88F3F9C7-6E1C-42C1-8733-D5AE1DD890E2}.Debug|Any CPU.ActiveCfg = Debug|Any CPU
		{88F3F9C7-6E1C-42C1-8733-D5AE1DD890E2}.Debug|Any CPU.Build.0 = Debug|Any CPU
		{88F3F9C7-6E1C-42C1-8733-D5AE1DD890E2}.Release|Any CPU.ActiveCfg = Release|Any CPU
		{88F3F9C7-6E1C-42C1-8733-D5AE1DD890E2}.Release|Any CPU.Build.0 = Release|Any CPU
	EndGlobalSection
	GlobalSection(SolutionProperties) = preSolution
		HideSolutionNode = FALSE
	EndGlobalSection
	GlobalSection(ExtensibilityGlobals) = postSolution
		SolutionGuid = {B900788E-8553-4EE6-A19E-C59233F895D9}
	EndGlobalSection
EndGlobal
