
Microsoft Visual Studio Solution File, Format Version 12.00
# Visual Studio 15
VisualStudioVersion = 15.0.27130.2036
MinimumVisualStudioVersion = 10.0.40219.1
Project("{FAE04EC0-301F-11D3-BF4B-00C04F79EFBC}") = "HelloSoftUni", "HelloSoftUni\HelloSoftUni.csproj", "{EC3ABD25-BB4F-4403-977D-653B6578DC5A}"
EndProject
Project("{FAE04EC0-301F-11D3-BF4B-00C04F79EFBC}") = "Expression", "Expression\Expression.csproj", "{C023E2D5-E486-49D4-B0C2-9181BBD8B6F1}"
EndProject
Global
	GlobalSection(SolutionConfigurationPlatforms) = preSolution
		Debug|Any CPU = Debug|Any CPU
		Release|Any CPU = Release|Any CPU
	EndGlobalSection
	GlobalSection(ProjectConfigurationPlatforms) = postSolution
		{EC3ABD25-BB4F-4403-977D-653B6578DC5A}.Debug|Any CPU.ActiveCfg = Debug|Any CPU
		{EC3ABD25-BB4F-4403-977D-653B6578DC5A}.Debug|Any CPU.Build.0 = Debug|Any CPU
		{EC3ABD25-BB4F-4403-977D-653B6578DC5A}.Release|Any CPU.ActiveCfg = Release|Any CPU
		{EC3ABD25-BB4F-4403-977D-653B6578DC5A}.Release|Any CPU.Build.0 = Release|Any CPU
		{C023E2D5-E486-49D4-B0C2-9181BBD8B6F1}.Debug|Any CPU.ActiveCfg = Debug|Any CPU
		{C023E2D5-E486-49D4-B0C2-9181BBD8B6F1}.Debug|Any CPU.Build.0 = Debug|Any CPU
		{C023E2D5-E486-49D4-B0C2-9181BBD8B6F1}.Release|Any CPU.ActiveCfg = Release|Any CPU
		{C023E2D5-E486-49D4-B0C2-9181BBD8B6F1}.Release|Any CPU.Build.0 = Release|Any CPU
	EndGlobalSection
	GlobalSection(SolutionProperties) = preSolution
		HideSolutionNode = FALSE
	EndGlobalSection
	GlobalSection(ExtensibilityGlobals) = postSolution
		SolutionGuid = {650DB6FD-3C77-4DA7-A0DA-B6A133088401}
	EndGlobalSection
EndGlobal
