
Microsoft Visual Studio Solution File, Format Version 12.00
# Visual Studio 15
VisualStudioVersion = 15.0.27130.2036
MinimumVisualStudioVersion = 10.0.40219.1
Project("{FAE04EC0-301F-11D3-BF4B-00C04F79EFBC}") = "CharityCompany", "CharityCompany\CharityCompany.csproj", "{8F6705BB-4ACF-4AA2-A5F0-5FFD546D6B9B}"
EndProject
Project("{FAE04EC0-301F-11D3-BF4B-00C04F79EFBC}") = "Triangle", "Triangle\Triangle.csproj", "{96EDB61E-B2C1-4DFE-A7AE-D8CC1DE3923D}"
EndProject
Global
	GlobalSection(SolutionConfigurationPlatforms) = preSolution
		Debug|Any CPU = Debug|Any CPU
		Release|Any CPU = Release|Any CPU
	EndGlobalSection
	GlobalSection(ProjectConfigurationPlatforms) = postSolution
		{8F6705BB-4ACF-4AA2-A5F0-5FFD546D6B9B}.Debug|Any CPU.ActiveCfg = Debug|Any CPU
		{8F6705BB-4ACF-4AA2-A5F0-5FFD546D6B9B}.Debug|Any CPU.Build.0 = Debug|Any CPU
		{8F6705BB-4ACF-4AA2-A5F0-5FFD546D6B9B}.Release|Any CPU.ActiveCfg = Release|Any CPU
		{8F6705BB-4ACF-4AA2-A5F0-5FFD546D6B9B}.Release|Any CPU.Build.0 = Release|Any CPU
		{96EDB61E-B2C1-4DFE-A7AE-D8CC1DE3923D}.Debug|Any CPU.ActiveCfg = Debug|Any CPU
		{96EDB61E-B2C1-4DFE-A7AE-D8CC1DE3923D}.Debug|Any CPU.Build.0 = Debug|Any CPU
		{96EDB61E-B2C1-4DFE-A7AE-D8CC1DE3923D}.Release|Any CPU.ActiveCfg = Release|Any CPU
		{96EDB61E-B2C1-4DFE-A7AE-D8CC1DE3923D}.Release|Any CPU.Build.0 = Release|Any CPU
	EndGlobalSection
	GlobalSection(SolutionProperties) = preSolution
		HideSolutionNode = FALSE
	EndGlobalSection
	GlobalSection(ExtensibilityGlobals) = postSolution
		SolutionGuid = {947C61D1-78C2-4718-9422-87DB0D782A9F}
	EndGlobalSection
EndGlobal
