
Microsoft Visual Studio Solution File, Format Version 12.00
# Visual Studio 15
VisualStudioVersion = 15.0.27428.2015
MinimumVisualStudioVersion = 10.0.40219.1
Project("{FAE04EC0-301F-11D3-BF4B-00C04F79EFBC}") = "01GenericBox", "01GenericBox\01GenericBox.csproj", "{FAE4603B-C9E8-4E96-B5D0-F1AD8D19170D}"
EndProject
Global
	GlobalSection(SolutionConfigurationPlatforms) = preSolution
		Debug|Any CPU = Debug|Any CPU
		Release|Any CPU = Release|Any CPU
	EndGlobalSection
	GlobalSection(ProjectConfigurationPlatforms) = postSolution
		{FAE4603B-C9E8-4E96-B5D0-F1AD8D19170D}.Debug|Any CPU.ActiveCfg = Debug|Any CPU
		{FAE4603B-C9E8-4E96-B5D0-F1AD8D19170D}.Debug|Any CPU.Build.0 = Debug|Any CPU
		{FAE4603B-C9E8-4E96-B5D0-F1AD8D19170D}.Release|Any CPU.ActiveCfg = Release|Any CPU
		{FAE4603B-C9E8-4E96-B5D0-F1AD8D19170D}.Release|Any CPU.Build.0 = Release|Any CPU
	EndGlobalSection
	GlobalSection(SolutionProperties) = preSolution
		HideSolutionNode = FALSE
	EndGlobalSection
	GlobalSection(ExtensibilityGlobals) = postSolution
		SolutionGuid = {E407125A-6402-4CC8-A941-9DE9B6FAB639}
	EndGlobalSection
EndGlobal
