
Microsoft Visual Studio Solution File, Format Version 12.00
# Visual Studio 15
VisualStudioVersion = 15.0.27130.2036
MinimumVisualStudioVersion = 10.0.40219.1
Project("{9A19103F-16F7-4668-BE54-9A1E7A4F7556}") = "GrandPrix", "GrandPrix\GrandPrix.csproj", "{8CD03249-98E2-473A-AECA-1560C51F4F62}"
EndProject
Project("{FAE04EC0-301F-11D3-BF4B-00C04F79EFBC}") = "Minedraft", "Minedraft\Minedraft.csproj", "{BABBB53D-FFB3-49D9-94BD-4CC9C2B593C5}"
EndProject
Project("{9A19103F-16F7-4668-BE54-9A1E7A4F7556}") = "GrandPrixExamPreparation", "GrandPrixExamPreparation\GrandPrixExamPreparation.csproj", "{B8E40A08-E47E-43F7-BD54-0BD45A6224B0}"
EndProject
Global
	GlobalSection(SolutionConfigurationPlatforms) = preSolution
		Debug|Any CPU = Debug|Any CPU
		Release|Any CPU = Release|Any CPU
	EndGlobalSection
	GlobalSection(ProjectConfigurationPlatforms) = postSolution
		{8CD03249-98E2-473A-AECA-1560C51F4F62}.Debug|Any CPU.ActiveCfg = Debug|Any CPU
		{8CD03249-98E2-473A-AECA-1560C51F4F62}.Debug|Any CPU.Build.0 = Debug|Any CPU
		{8CD03249-98E2-473A-AECA-1560C51F4F62}.Release|Any CPU.ActiveCfg = Release|Any CPU
		{8CD03249-98E2-473A-AECA-1560C51F4F62}.Release|Any CPU.Build.0 = Release|Any CPU
		{BABBB53D-FFB3-49D9-94BD-4CC9C2B593C5}.Debug|Any CPU.ActiveCfg = Debug|Any CPU
		{BABBB53D-FFB3-49D9-94BD-4CC9C2B593C5}.Debug|Any CPU.Build.0 = Debug|Any CPU
		{BABBB53D-FFB3-49D9-94BD-4CC9C2B593C5}.Release|Any CPU.ActiveCfg = Release|Any CPU
		{BABBB53D-FFB3-49D9-94BD-4CC9C2B593C5}.Release|Any CPU.Build.0 = Release|Any CPU
		{B8E40A08-E47E-43F7-BD54-0BD45A6224B0}.Debug|Any CPU.ActiveCfg = Debug|Any CPU
		{B8E40A08-E47E-43F7-BD54-0BD45A6224B0}.Debug|Any CPU.Build.0 = Debug|Any CPU
		{B8E40A08-E47E-43F7-BD54-0BD45A6224B0}.Release|Any CPU.ActiveCfg = Release|Any CPU
		{B8E40A08-E47E-43F7-BD54-0BD45A6224B0}.Release|Any CPU.Build.0 = Release|Any CPU
	EndGlobalSection
	GlobalSection(SolutionProperties) = preSolution
		HideSolutionNode = FALSE
	EndGlobalSection
	GlobalSection(ExtensibilityGlobals) = postSolution
		SolutionGuid = {0B10BA55-7D06-4744-AC61-693D6D9A24D3}
	EndGlobalSection
EndGlobal
